{
  "version": "v1",
  "packages": {
    "@iblai/iblai-js": {
      "signature": "aee11319f52ecfa64d7f7ecd58d03bfe",
      "file": true,
      "replaced": "1.3.10"
    },
    "@iblai/data-layer": {
      "signature": "0f43b871eff9308a58b0b7740d6123f5",
      "file": true
    },
    "@iblai/web-utils": {
      "signature": "82c53e6eb9976c9fec8c818d353fe90d",
      "file": true
    },
    "@iblai/web-containers": {
      "signature": "c761a85beff703d22f140fa7bad17cd7",
      "file": true
    }
  }
}