{
  "version": "v1",
  "packages": {
    "@iblai/iblai-js": {
      "signature": "e369a594901275030b3014f7bc8603a4",
      "file": true,
      "replaced": "1.6.2"
    },
    "@iblai/data-layer": {
      "signature": "07de5c7dcfd2a149f5492e7e70ad7107",
      "file": true
    },
    "@iblai/web-utils": {
      "signature": "74187284baf705fe1ccc060d323c4c76",
      "file": true
    },
    "@iblai/web-containers": {
      "signature": "118af137074a389cd607b2a12d70066e",
      "file": true
    }
  }
}